// !$*UTF8*$!
{
	archiveVersion = 1;
	classes = {
	};
	objectVersion = 46;
	objects = {

/* Begin PBXBuildFile section */
		2383E6A414A5192B00B8DD2D /* main.cpp in Sources */ = {isa = PBXBuildFile; fileRef = 2383E6A114A5192B00B8DD2D /* main.cpp */; };
		2383E6A514A5192B00B8DD2D /* strcls.cpp in Sources */ = {isa = PBXBuildFile; fileRef = 2383E6A214A5192B00B8DD2D /* strcls.cpp */; };
/* End PBXBuildFile section */

/* Begin PBXCopyFilesBuildPhase section */
		2383E69214A5190100B8DD2D /* CopyFiles */ = {
			isa = PBXCopyFilesBuildPhase;
			buildActionMask = 2147483647;
			dstPath = /usr/share/man/man1/;
			dstSubfolderSpec = 0;
			files = (
			);
			runOnlyForDeploymentPostprocessing = 1;
		};
/* End PBXCopyFilesBuildPhase section */

/* Begin PBXFileReference section */
		2383E69414A5190100B8DD2D /* last */ = {isa = PBXFileReference; explicitFileType = "compiled.mach-o.executable"; includeInIndex = 0; path = last; sourceTree = BUILT_PRODUCTS_DIR; };
		2383E6A114A5192B00B8DD2D /* main.cpp */ = {isa = PBXFileReference; fileEncoding = 4; lastKnownFileType = sourcecode.cpp.cpp; name = main.cpp; path = ../../string_class/main.cpp; sourceTree = "<group>"; };
		2383E6A214A5192B00B8DD2D /* strcls.cpp */ = {isa = PBXFileReference; fileEncoding = 4; lastKnownFileType = sourcecode.cpp.cpp; name = strcls.cpp; path = ../../string_class/strcls.cpp; sourceTree = "<group>"; };
		2383E6A314A5192B00B8DD2D /* strcls.h */ = {isa = PBXFileReference; fileEncoding = 4; lastKnownFileType = sourcecode.c.h; name = strcls.h; path = ../../string_class/strcls.h; sourceTree = "<group>"; };
/* End PBXFileReference section */

/* Begin PBXFrameworksBuildPhase section */
		2383E69114A5190100B8DD2D /* Frameworks */ = {
			isa = PBXFrameworksBuildPhase;
			buildActionMask = 2147483647;
			files = (
			);
			runOnlyForDeploymentPostprocessing = 0;
		};
/* End PBXFrameworksBuildPhase section */

/* Begin PBXGroup section */
		2383E68914A5190100B8DD2D = {
			isa = PBXGroup;
			children = (
				2383E69714A5190100B8DD2D /* last */,
				2383E69514A5190100B8DD2D /* Products */,
			);
			sourceTree = "<group>";
		};
		2383E69514A5190100B8DD2D /* Products */ = {
			isa = PBXGroup;
			children = (
				2383E69414A5190100B8DD2D /* last */,
			);
			name = Products;
			sourceTree = "<group>";
		};
		2383E69714A5190100B8DD2D /* last */ = {
			isa = PBXGroup;
			children = (
				2383E6A114A5192B00B8DD2D /* main.cpp */,
				2383E6A214A5192B00B8DD2D /* strcls.cpp */,
				2383E6A314A5192B00B8DD2D /* strcls.h */,
			);
			path = last;
			sourceTree = "<group>";
		};
/* End PBXGroup section */

/* Begin PBXNativeTarget section */
		2383E69314A5190100B8DD2D /* last */ = {
			isa = PBXNativeTarget;
			buildConfigurationList = 2383E69E14A5190100B8DD2D /* Build configuration list for PBXNativeTarget "last" */;
			buildPhases = (
				2383E69014A5190100B8DD2D /* Sources */,
				2383E69114A5190100B8DD2D /* Frameworks */,
				2383E69214A5190100B8DD2D /* CopyFiles */,
			);
			buildRules = (
			);
			dependencies = (
			);
			name = last;
			productName = last;
			productReference = 2383E69414A5190100B8DD2D /* last */;
			productType = "com.apple.product-type.tool";
		};
/* End PBXNativeTarget section */

/* Begin PBXProject section */
		2383E68B14A5190100B8DD2D /* Project object */ = {
			isa = PBXProject;
			buildConfigurationList = 2383E68E14A5190100B8DD2D /* Build configuration list for PBXProject "last" */;
			compatibilityVersion = "Xcode 3.2";
			developmentRegion = English;
			hasScannedForEncodings = 0;
			knownRegions = (
				en,
			);
			mainGroup = 2383E68914A5190100B8DD2D;
			productRefGroup = 2383E69514A5190100B8DD2D /* Products */;
			projectDirPath = "";
			projectRoot = "";
			targets = (
				2383E69314A5190100B8DD2D /* last */,
			);
		};
/* End PBXProject section */

/* Begin PBXSourcesBuildPhase section */
		2383E69014A5190100B8DD2D /* Sources */ = {
			isa = PBXSourcesBuildPhase;
			buildActionMask = 2147483647;
			files = (
				2383E6A414A5192B00B8DD2D /* main.cpp in Sources */,
				2383E6A514A5192B00B8DD2D /* strcls.cpp in Sources */,
			);
			runOnlyForDeploymentPostprocessing = 0;
		};
/* End PBXSourcesBuildPhase section */

/* Begin XCBuildConfiguration section */
		2383E69C14A5190100B8DD2D /* Debug */ = {
			isa = XCBuildConfiguration;
			buildSettings = {
				ALWAYS_SEARCH_USER_PATHS = NO;
				ARCHS = "$(ARCHS_STANDARD_64_BIT)";
				COPY_PHASE_STRIP = NO;
				GCC_C_LANGUAGE_STANDARD = gnu99;
				GCC_DYNAMIC_NO_PIC = NO;
				GCC_ENABLE_OBJC_EXCEPTIONS = YES;
				GCC_OPTIMIZATION_LEVEL = 0;
				GCC_PREPROCESSOR_DEFINITIONS = (
					"DEBUG=1",
					"$(inherited)",
				);
				GCC_SYMBOLS_PRIVATE_EXTERN = NO;
				GCC_VERSION = com.apple.compilers.llvm.clang.1_0;
				GCC_WARN_64_TO_32_BIT_CONVERSION = YES;
				GCC_WARN_ABOUT_MISSING_PROTOTYPES = YES;
				GCC_WARN_ABOUT_RETURN_TYPE = YES;
				GCC_WARN_UNUSED_VARIABLE = YES;
				MACOSX_DEPLOYMENT_TARGET = 10.7;
				ONLY_ACTIVE_ARCH = YES;
				SDKROOT = macosx;
			};
			name = Debug;
		};
		2383E69D14A5190100B8DD2D /* Release */ = {
			isa = XCBuildConfiguration;
			buildSettings = {
				ALWAYS_SEARCH_USER_PATHS = NO;
				ARCHS = "$(ARCHS_STANDARD_64_BIT)";
				COPY_PHASE_STRIP = YES;
				DEBUG_INFORMATION_FORMAT = "dwarf-with-dsym";
				GCC_C_LANGUAGE_STANDARD = gnu99;
				GCC_ENABLE_OBJC_EXCEPTIONS = YES;
				GCC_VERSION = com.apple.compilers.llvm.clang.1_0;
				GCC_WARN_64_TO_32_BIT_CONVERSION = YES;
				GCC_WARN_ABOUT_MISSING_PROTOTYPES = YES;
				GCC_WARN_ABOUT_RETURN_TYPE = YES;
				GCC_WARN_UNUSED_VARIABLE = YES;
				MACOSX_DEPLOYMENT_TARGET = 10.7;
				SDKROOT = macosx;
			};
			name = Release;
		};
		2383E69F14A5190100B8DD2D /* Debug */ = {
			isa = XCBuildConfiguration;
			buildSettings = {
				PRODUCT_NAME = "$(TARGET_NAME)";
			};
			name = Debug;
		};
		2383E6A014A5190100B8DD2D /* Release */ = {
			isa = XCBuildConfiguration;
			buildSettings = {
				PRODUCT_NAME = "$(TARGET_NAME)";
			};
			name = Release;
		};
/* End XCBuildConfiguration section */

/* Begin XCConfigurationList section */
		2383E68E14A5190100B8DD2D /* Build configuration list for PBXProject "last" */ = {
			isa = XCConfigurationList;
			buildConfigurations = (
				2383E69C14A5190100B8DD2D /* Debug */,
				2383E69D14A5190100B8DD2D /* Release */,
			);
			defaultConfigurationIsVisible = 0;
			defaultConfigurationName = Release;
		};
		2383E69E14A5190100B8DD2D /* Build configuration list for PBXNativeTarget "last" */ = {
			isa = XCConfigurationList;
			buildConfigurations = (
				2383E69F14A5190100B8DD2D /* Debug */,
				2383E6A014A5190100B8DD2D /* Release */,
			);
			defaultConfigurationIsVisible = 0;
		};
/* End XCConfigurationList section */
	};
	rootObject = 2383E68B14A5190100B8DD2D /* Project object */;
}
